
Microsoft Visual Studio Solution File, Format Version 12.00
# Visual Studio Version 16
VisualStudioVersion = 16.0.29806.167
MinimumVisualStudioVersion = 10.0.40219.1
Project("{9A19103F-16F7-4668-BE54-9A1E7A4F7556}") = "AwsServerlessLabs.Api", "AwsServerlessLabs.Api\AwsServerlessLabs.Api.csproj", "{0DB7F2DC-48D3-471E-834C-228348B1463A}"
EndProject
Project("{9A19103F-16F7-4668-BE54-9A1E7A4F7556}") = "AwsServerlessLabs.Web", "AwsServerlessLabs.Web\AwsServerlessLabs.Web.csproj", "{5188FEA6-9E2F-4C6E-971D-BAB8C214ADAA}"
EndProject
Global
	GlobalSection(SolutionConfigurationPlatforms) = preSolution
		Debug|Any CPU = Debug|Any CPU
		Release|Any CPU = Release|Any CPU
	EndGlobalSection
	GlobalSection(ProjectConfigurationPlatforms) = postSolution
		{0DB7F2DC-48D3-471E-834C-228348B1463A}.Debug|Any CPU.ActiveCfg = Debug|Any CPU
		{0DB7F2DC-48D3-471E-834C-228348B1463A}.Debug|Any CPU.Build.0 = Debug|Any CPU
		{0DB7F2DC-48D3-471E-834C-228348B1463A}.Release|Any CPU.ActiveCfg = Release|Any CPU
		{0DB7F2DC-48D3-471E-834C-228348B1463A}.Release|Any CPU.Build.0 = Release|Any CPU
		{5188FEA6-9E2F-4C6E-971D-BAB8C214ADAA}.Debug|Any CPU.ActiveCfg = Debug|Any CPU
		{5188FEA6-9E2F-4C6E-971D-BAB8C214ADAA}.Debug|Any CPU.Build.0 = Debug|Any CPU
		{5188FEA6-9E2F-4C6E-971D-BAB8C214ADAA}.Release|Any CPU.ActiveCfg = Release|Any CPU
		{5188FEA6-9E2F-4C6E-971D-BAB8C214ADAA}.Release|Any CPU.Build.0 = Release|Any CPU
	EndGlobalSection
	GlobalSection(SolutionProperties) = preSolution
		HideSolutionNode = FALSE
	EndGlobalSection
	GlobalSection(ExtensibilityGlobals) = postSolution
		SolutionGuid = {947ED2F4-A848-4D01-818A-A806695CD767}
	EndGlobalSection
EndGlobal
